// !$*UTF8*$!
{
	archiveVersion = 1;
	classes = {
	};
	objectVersion = 77;
	objects = {

/* Begin PBXBuildFile section */
		002043C09C27FFF5197B29BD /* UserListStateCopy.swift in Sources */ = {isa = PBXBuildFile; fileRef = F202BAFCEA94217D3821D31A /* UserListStateCopy.swift */; };
		036A7A26011696256B3C4BAB /* UserCell.swift in Sources */ = {isa = PBXBuildFile; fileRef = 214EC24B8EDFC1E54E4D39FA /* UserCell.swift */; };
		0AB40F93DDC2C2E07067152A /* UserDetailViewModelTests.swift in Sources */ = {isa = PBXBuildFile; fileRef = 46D712C3CE5320DE785E61EF /* UserDetailViewModelTests.swift */; };
		0B14CFF8A2D94DF07CDA9D7F /* AppErrorTests.swift in Sources */ = {isa = PBXBuildFile; fileRef = E985991A94298E278E1C2844 /* AppErrorTests.swift */; };
		13F87AA5E9B233816718EFC4 /* FollowRepositoryTests.swift in Sources */ = {isa = PBXBuildFile; fileRef = C96FA6AE28B488B688E9A370 /* FollowRepositoryTests.swift */; };
		1AF1A9355B5FEE1FF10129CC /* UserCellModelTests.swift in Sources */ = {isa = PBXBuildFile; fileRef = 5C21AADE24E568EDEF10A44A /* UserCellModelTests.swift */; };
		2C5725AF1A64653036DDEAB2 /* UserService.swift in Sources */ = {isa = PBXBuildFile; fileRef = 9478FDD56E504FDE9EAED78B /* UserService.swift */; };
		367B1E58F5736731C532C177 /* User.swift in Sources */ = {isa = PBXBuildFile; fileRef = 8A9C31F5499BEB2C83C5B924 /* User.swift */; };
		4D67DEEE6CC1ACE1E9F650E6 /* AppDelegate.swift in Sources */ = {isa = PBXBuildFile; fileRef = E41674755A509D5978BFA7F4 /* AppDelegate.swift */; };
		4E1CF1DF39ECFF9F92B4DD36 /* Coordinator.swift in Sources */ = {isa = PBXBuildFile; fileRef = 7EE997156C239CB20EEAB7B8 /* Coordinator.swift */; };
		53E9E6917CDFA43F54C13F31 /* ImageLoaderTests.swift in Sources */ = {isa = PBXBuildFile; fileRef = 7A9B3CE989F6F897CD080032 /* ImageLoaderTests.swift */; };
		562E69F712816A1662562C32 /* UserListViewController.swift in Sources */ = {isa = PBXBuildFile; fileRef = B4FDAAB5FB7874E92A5F3D95 /* UserListViewController.swift */; };
		56BF7D2506ABB1B429DB8A72 /* ImageLoader.swift in Sources */ = {isa = PBXBuildFile; fileRef = 8FC3BD4B219D42BDCEF381FF /* ImageLoader.swift */; };
		59EFBE07E9B1D93559DF27D4 /* AppError.swift in Sources */ = {isa = PBXBuildFile; fileRef = 4BD0DEE1BBD1ECA06085A013 /* AppError.swift */; };
		5E3C186212C74DA691E36284 /* UITestingHooks.swift in Sources */ = {isa = PBXBuildFile; fileRef = 7463824815493DD6A80E6368 /* UITestingHooks.swift */; };
		601BBE0EFC873B22983D72EB /* FollowRepository.swift in Sources */ = {isa = PBXBuildFile; fileRef = 83701DCD9AE51120AC2AC9E5 /* FollowRepository.swift */; };
		64E338FF71C50152308DAFC6 /* UserListStateCopyTests.swift in Sources */ = {isa = PBXBuildFile; fileRef = 47DFEC8298EFB16E64BCBE9B /* UserListStateCopyTests.swift */; };
		65A5B40BE94C3166E9E5F245 /* AppCoordinator.swift in Sources */ = {isa = PBXBuildFile; fileRef = 1D3802ABF99F2CB18D07BABF /* AppCoordinator.swift */; };
		67FBB2087A48F60A885C694F /* Assets.xcassets in Resources */ = {isa = PBXBuildFile; fileRef = 84098B4EBEDB4140F30EB0C4 /* Assets.xcassets */; };
		69DEF7E44E8A6BA135C4218F /* UserCache.swift in Sources */ = {isa = PBXBuildFile; fileRef = DF900077347359BD2D020EF5 /* UserCache.swift */; };
		78185A73440F3E3AA7C937FF /* StackExchangeResponse.swift in Sources */ = {isa = PBXBuildFile; fileRef = 5791C4F7C824CF0506F88827 /* StackExchangeResponse.swift */; };
		7D78F20746F0332FE3358B23 /* FilterHeaderView.swift in Sources */ = {isa = PBXBuildFile; fileRef = EBAEA89BD52894242FF25380 /* FilterHeaderView.swift */; };
		7F53286CEC9717117BAB2AAE /* UserCellModel.swift in Sources */ = {isa = PBXBuildFile; fileRef = 3AA5CCD5349C54F99FCF5108 /* UserCellModel.swift */; };
		8933CFA1A1A09646CEB119F7 /* EmptyStateView.swift in Sources */ = {isa = PBXBuildFile; fileRef = 064987EF8829131DC1F4E39D /* EmptyStateView.swift */; };
		962A9E1EE7451B434D785533 /* FileUserCacheTests.swift in Sources */ = {isa = PBXBuildFile; fileRef = 596830B156A6954509F30542 /* FileUserCacheTests.swift */; };
		9B9DF1F67C5CE0936C5AD09C /* SceneDelegate.swift in Sources */ = {isa = PBXBuildFile; fileRef = A9E5A054471B38D4BFF7A537 /* SceneDelegate.swift */; };
		9F5D5330C38894CC52E0C7AB /* Fixtures.swift in Sources */ = {isa = PBXBuildFile; fileRef = EB4D143964C7757C5DAEF56A /* Fixtures.swift */; };
		AA83F8D675471F0139748C04 /* String+HTMLEntities.swift in Sources */ = {isa = PBXBuildFile; fileRef = A18B8EB755F00FF057C56185 /* String+HTMLEntities.swift */; };
		AEA9B13EAE90CD316830B32A /* UserServiceTests.swift in Sources */ = {isa = PBXBuildFile; fileRef = 292E95D7B6F51D424E1B85F7 /* UserServiceTests.swift */; };
		B0CF006D65F37149D7509678 /* DecodingTests.swift in Sources */ = {isa = PBXBuildFile; fileRef = E2B3DB6436A439A5F1B1E872 /* DecodingTests.swift */; };
		BA1498BD161A0227FF61E8BF /* UserListViewModel.swift in Sources */ = {isa = PBXBuildFile; fileRef = E7EA734AAD4FE44C1A3F3243 /* UserListViewModel.swift */; };
		C01455A7BDE0DF10F47800E7 /* UserPage.swift in Sources */ = {isa = PBXBuildFile; fileRef = 67148707C19EF66F223D5742 /* UserPage.swift */; };
		C0296036D365B38F16B40AAD /* UserDetailViewController.swift in Sources */ = {isa = PBXBuildFile; fileRef = C036202654C7052A4E46E6AB /* UserDetailViewController.swift */; };
		C0CAFCA4CC22FE9386C480CE /* InitialsImageGeneratorTests.swift in Sources */ = {isa = PBXBuildFile; fileRef = 965CDF9EA902666A3CD5AA85 /* InitialsImageGeneratorTests.swift */; };
		C5CE871562AAB8F7D7202BE0 /* MockURLProtocol.swift in Sources */ = {isa = PBXBuildFile; fileRef = 3C32C8912CB315F609390E61 /* MockURLProtocol.swift */; };
		D8BB61E1A70CE8ADFAB79656 /* BadgePillView.swift in Sources */ = {isa = PBXBuildFile; fileRef = 57D8376BFA747824BE117C91 /* BadgePillView.swift */; };
		DC76230CFD054B1DC1DA7AD2 /* InitialsImageGenerator.swift in Sources */ = {isa = PBXBuildFile; fileRef = 48976274696155B90FBD74CB /* InitialsImageGenerator.swift */; };
		E559F19932881EB8482F5B27 /* UserListViewModelTests.swift in Sources */ = {isa = PBXBuildFile; fileRef = 765A5A294023DB53CDF32551 /* UserListViewModelTests.swift */; };
		F21371EED23E667BC3982C43 /* Mocks.swift in Sources */ = {isa = PBXBuildFile; fileRef = 54436AAB6DD9FF572643DFCD /* Mocks.swift */; };
		FB7D05C5340A4354D0F0C7FC /* UserListUITests.swift in Sources */ = {isa = PBXBuildFile; fileRef = C442B25B02B708E3B936355A /* UserListUITests.swift */; };
		FE140714BB957F6DFD3D1A46 /* UserDetailViewModel.swift in Sources */ = {isa = PBXBuildFile; fileRef = 8C57290FA06727F628AA72AF /* UserDetailViewModel.swift */; };
/* End PBXBuildFile section */

/* Begin PBXContainerItemProxy section */
		7F97260914C09E09B46B1FD3 /* PBXContainerItemProxy */ = {
			isa = PBXContainerItemProxy;
			containerPortal = 0E355918FDEC0E6362DD19CD /* Project object */;
			proxyType = 1;
			remoteGlobalIDString = 26D2FE6F1CD0EBCCC8F1043C;
			remoteInfo = StackOverflowUsers;
		};
		8CA62F05BA1C69727079FDF0 /* PBXContainerItemProxy */ = {
			isa = PBXContainerItemProxy;
			containerPortal = 0E355918FDEC0E6362DD19CD /* Project object */;
			proxyType = 1;
			remoteGlobalIDString = 26D2FE6F1CD0EBCCC8F1043C;
			remoteInfo = StackOverflowUsers;
		};
/* End PBXContainerItemProxy section */

/* Begin PBXFileReference section */
		045FF673C5A7ED735D6CA21D /* StackOverflowUsers.app */ = {isa = PBXFileReference; includeInIndex = 0; lastKnownFileType = wrapper.application; path = StackOverflowUsers.app; sourceTree = BUILT_PRODUCTS_DIR; };
		064987EF8829131DC1F4E39D /* EmptyStateView.swift */ = {isa = PBXFileReference; lastKnownFileType = sourcecode.swift; path = EmptyStateView.swift; sourceTree = "<group>"; };
		0D16649A311B26C99B1E2346 /* StackOverflowUsersTests.xctest */ = {isa = PBXFileReference; includeInIndex = 0; lastKnownFileType = wrapper.cfbundle; path = StackOverflowUsersTests.xctest; sourceTree = BUILT_PRODUCTS_DIR; };
		1D3802ABF99F2CB18D07BABF /* AppCoordinator.swift */ = {isa = PBXFileReference; lastKnownFileType = sourcecode.swift; path = AppCoordinator.swift; sourceTree = "<group>"; };
		214EC24B8EDFC1E54E4D39FA /* UserCell.swift */ = {isa = PBXFileReference; lastKnownFileType = sourcecode.swift; path = UserCell.swift; sourceTree = "<group>"; };
		292E95D7B6F51D424E1B85F7 /* UserServiceTests.swift */ = {isa = PBXFileReference; lastKnownFileType = sourcecode.swift; path = UserServiceTests.swift; sourceTree = "<group>"; };
		3AA5CCD5349C54F99FCF5108 /* UserCellModel.swift */ = {isa = PBXFileReference; lastKnownFileType = sourcecode.swift; path = UserCellModel.swift; sourceTree = "<group>"; };
		3C32C8912CB315F609390E61 /* MockURLProtocol.swift */ = {isa = PBXFileReference; lastKnownFileType = sourcecode.swift; path = MockURLProtocol.swift; sourceTree = "<group>"; };
		46D712C3CE5320DE785E61EF /* UserDetailViewModelTests.swift */ = {isa = PBXFileReference; lastKnownFileType = sourcecode.swift; path = UserDetailViewModelTests.swift; sourceTree = "<group>"; };
		47DFEC8298EFB16E64BCBE9B /* UserListStateCopyTests.swift */ = {isa = PBXFileReference; lastKnownFileType = sourcecode.swift; path = UserListStateCopyTests.swift; sourceTree = "<group>"; };
		48976274696155B90FBD74CB /* InitialsImageGenerator.swift */ = {isa = PBXFileReference; lastKnownFileType = sourcecode.swift; path = InitialsImageGenerator.swift; sourceTree = "<group>"; };
		4BD0DEE1BBD1ECA06085A013 /* AppError.swift */ = {isa = PBXFileReference; lastKnownFileType = sourcecode.swift; path = AppError.swift; sourceTree = "<group>"; };
		51875708836B447AEF67477A /* Production.xcconfig */ = {isa = PBXFileReference; lastKnownFileType = text.xcconfig; path = Production.xcconfig; sourceTree = "<group>"; };
		54436AAB6DD9FF572643DFCD /* Mocks.swift */ = {isa = PBXFileReference; lastKnownFileType = sourcecode.swift; path = Mocks.swift; sourceTree = "<group>"; };
		5791C4F7C824CF0506F88827 /* StackExchangeResponse.swift */ = {isa = PBXFileReference; lastKnownFileType = sourcecode.swift; path = StackExchangeResponse.swift; sourceTree = "<group>"; };
		57D8376BFA747824BE117C91 /* BadgePillView.swift */ = {isa = PBXFileReference; lastKnownFileType = sourcecode.swift; path = BadgePillView.swift; sourceTree = "<group>"; };
		596830B156A6954509F30542 /* FileUserCacheTests.swift */ = {isa = PBXFileReference; lastKnownFileType = sourcecode.swift; path = FileUserCacheTests.swift; sourceTree = "<group>"; };
		5C21AADE24E568EDEF10A44A /* UserCellModelTests.swift */ = {isa = PBXFileReference; lastKnownFileType = sourcecode.swift; path = UserCellModelTests.swift; sourceTree = "<group>"; };
		67148707C19EF66F223D5742 /* UserPage.swift */ = {isa = PBXFileReference; lastKnownFileType = sourcecode.swift; path = UserPage.swift; sourceTree = "<group>"; };
		7463824815493DD6A80E6368 /* UITestingHooks.swift */ = {isa = PBXFileReference; lastKnownFileType = sourcecode.swift; path = UITestingHooks.swift; sourceTree = "<group>"; };
		765A5A294023DB53CDF32551 /* UserListViewModelTests.swift */ = {isa = PBXFileReference; lastKnownFileType = sourcecode.swift; path = UserListViewModelTests.swift; sourceTree = "<group>"; };
		780D52EFE9BB7653753F648C /* Info.plist */ = {isa = PBXFileReference; lastKnownFileType = text.plist; path = Info.plist; sourceTree = "<group>"; };
		7A9B3CE989F6F897CD080032 /* ImageLoaderTests.swift */ = {isa = PBXFileReference; lastKnownFileType = sourcecode.swift; path = ImageLoaderTests.swift; sourceTree = "<group>"; };
		7EE997156C239CB20EEAB7B8 /* Coordinator.swift */ = {isa = PBXFileReference; lastKnownFileType = sourcecode.swift; path = Coordinator.swift; sourceTree = "<group>"; };
		83701DCD9AE51120AC2AC9E5 /* FollowRepository.swift */ = {isa = PBXFileReference; lastKnownFileType = sourcecode.swift; path = FollowRepository.swift; sourceTree = "<group>"; };
		84098B4EBEDB4140F30EB0C4 /* Assets.xcassets */ = {isa = PBXFileReference; lastKnownFileType = folder.assetcatalog; path = Assets.xcassets; sourceTree = "<group>"; };
		8A9C31F5499BEB2C83C5B924 /* User.swift */ = {isa = PBXFileReference; lastKnownFileType = sourcecode.swift; path = User.swift; sourceTree = "<group>"; };
		8C57290FA06727F628AA72AF /* UserDetailViewModel.swift */ = {isa = PBXFileReference; lastKnownFileType = sourcecode.swift; path = UserDetailViewModel.swift; sourceTree = "<group>"; };
		8FC3BD4B219D42BDCEF381FF /* ImageLoader.swift */ = {isa = PBXFileReference; lastKnownFileType = sourcecode.swift; path = ImageLoader.swift; sourceTree = "<group>"; };
		9478FDD56E504FDE9EAED78B /* UserService.swift */ = {isa = PBXFileReference; lastKnownFileType = sourcecode.swift; path = UserService.swift; sourceTree = "<group>"; };
		965CDF9EA902666A3CD5AA85 /* InitialsImageGeneratorTests.swift */ = {isa = PBXFileReference; lastKnownFileType = sourcecode.swift; path = InitialsImageGeneratorTests.swift; sourceTree = "<group>"; };
		A18B8EB755F00FF057C56185 /* String+HTMLEntities.swift */ = {isa = PBXFileReference; lastKnownFileType = sourcecode.swift; path = "String+HTMLEntities.swift"; sourceTree = "<group>"; };
		A58DBD995B69302F317FFD7A /* Development.xcconfig */ = {isa = PBXFileReference; lastKnownFileType = text.xcconfig; path = Development.xcconfig; sourceTree = "<group>"; };
		A9E5A054471B38D4BFF7A537 /* SceneDelegate.swift */ = {isa = PBXFileReference; lastKnownFileType = sourcecode.swift; path = SceneDelegate.swift; sourceTree = "<group>"; };
		B4FDAAB5FB7874E92A5F3D95 /* UserListViewController.swift */ = {isa = PBXFileReference; lastKnownFileType = sourcecode.swift; path = UserListViewController.swift; sourceTree = "<group>"; };
		C036202654C7052A4E46E6AB /* UserDetailViewController.swift */ = {isa = PBXFileReference; lastKnownFileType = sourcecode.swift; path = UserDetailViewController.swift; sourceTree = "<group>"; };
		C442B25B02B708E3B936355A /* UserListUITests.swift */ = {isa = PBXFileReference; lastKnownFileType = sourcecode.swift; path = UserListUITests.swift; sourceTree = "<group>"; };
		C96FA6AE28B488B688E9A370 /* FollowRepositoryTests.swift */ = {isa = PBXFileReference; lastKnownFileType = sourcecode.swift; path = FollowRepositoryTests.swift; sourceTree = "<group>"; };
		DF900077347359BD2D020EF5 /* UserCache.swift */ = {isa = PBXFileReference; lastKnownFileType = sourcecode.swift; path = UserCache.swift; sourceTree = "<group>"; };
		E2B3DB6436A439A5F1B1E872 /* DecodingTests.swift */ = {isa = PBXFileReference; lastKnownFileType = sourcecode.swift; path = DecodingTests.swift; sourceTree = "<group>"; };
		E41674755A509D5978BFA7F4 /* AppDelegate.swift */ = {isa = PBXFileReference; lastKnownFileType = sourcecode.swift; path = AppDelegate.swift; sourceTree = "<group>"; };
		E5A3BAACEA0A42D9F85401F6 /* StackOverflowUsersUITests.xctest */ = {isa = PBXFileReference; includeInIndex = 0; lastKnownFileType = wrapper.cfbundle; path = StackOverflowUsersUITests.xctest; sourceTree = BUILT_PRODUCTS_DIR; };
		E7EA734AAD4FE44C1A3F3243 /* UserListViewModel.swift */ = {isa = PBXFileReference; lastKnownFileType = sourcecode.swift; path = UserListViewModel.swift; sourceTree = "<group>"; };
		E985991A94298E278E1C2844 /* AppErrorTests.swift */ = {isa = PBXFileReference; lastKnownFileType = sourcecode.swift; path = AppErrorTests.swift; sourceTree = "<group>"; };
		EB4D143964C7757C5DAEF56A /* Fixtures.swift */ = {isa = PBXFileReference; lastKnownFileType = sourcecode.swift; path = Fixtures.swift; sourceTree = "<group>"; };
		EBAEA89BD52894242FF25380 /* FilterHeaderView.swift */ = {isa = PBXFileReference; lastKnownFileType = sourcecode.swift; path = FilterHeaderView.swift; sourceTree = "<group>"; };
		F202BAFCEA94217D3821D31A /* UserListStateCopy.swift */ = {isa = PBXFileReference; lastKnownFileType = sourcecode.swift; path = UserListStateCopy.swift; sourceTree = "<group>"; };
/* End PBXFileReference section */

/* Begin PBXGroup section */
		118EF2AB6FE849BD8947E3D9 /* Support */ = {
			isa = PBXGroup;
			children = (
				EB4D143964C7757C5DAEF56A /* Fixtures.swift */,
				54436AAB6DD9FF572643DFCD /* Mocks.swift */,
				3C32C8912CB315F609390E61 /* MockURLProtocol.swift */,
			);
			path = Support;
			sourceTree = "<group>";
		};
		229CBBC1F041653916D9AB7E /* Coordinator */ = {
			isa = PBXGroup;
			children = (
				1D3802ABF99F2CB18D07BABF /* AppCoordinator.swift */,
				7EE997156C239CB20EEAB7B8 /* Coordinator.swift */,
			);
			path = Coordinator;
			sourceTree = "<group>";
		};
		38079468B87D25F2B1830684 /* Data */ = {
			isa = PBXGroup;
			children = (
				E11C23F1000D1847A9A1C7A7 /* ImageLoading */,
				AA86E781F1B3CC2143ABA26E /* Network */,
				C43CA3B29945180E50281FA4 /* Persistence */,
			);
			path = Data;
			sourceTree = "<group>";
		};
		39E280AF3B7A902295B7E7E5 /* Presentation */ = {
			isa = PBXGroup;
			children = (
				A98713AE79B56D99DDF6BCA5 /* Shared */,
				EA80E2E8FBE1DAD0C1A9B908 /* UserDetail */,
				D2A5248292CFC5D248F0B15F /* UserList */,
			);
			path = Presentation;
			sourceTree = "<group>";
		};
		3F590FBA7BD1DDE852842F77 /* StackOverflowUsers */ = {
			isa = PBXGroup;
			children = (
				7C90A861C594A74FEA4F80E4 /* App */,
				38079468B87D25F2B1830684 /* Data */,
				A70577635A442DA22EC2EF40 /* Domain */,
				953C5D3ECC4B46FCC0F5A524 /* Foundation */,
				39E280AF3B7A902295B7E7E5 /* Presentation */,
				C4FAE31AF1E1B7859AEBBE5A /* Resources */,
			);
			path = StackOverflowUsers;
			sourceTree = "<group>";
		};
		41A9B66A214644E97AA5D7AC /* Products */ = {
			isa = PBXGroup;
			children = (
				045FF673C5A7ED735D6CA21D /* StackOverflowUsers.app */,
				0D16649A311B26C99B1E2346 /* StackOverflowUsersTests.xctest */,
				E5A3BAACEA0A42D9F85401F6 /* StackOverflowUsersUITests.xctest */,
			);
			name = Products;
			sourceTree = "<group>";
		};
		45D53E53A6E9B67161A89A59 /* Network */ = {
			isa = PBXGroup;
			children = (
				292E95D7B6F51D424E1B85F7 /* UserServiceTests.swift */,
			);
			path = Network;
			sourceTree = "<group>";
		};
		7C90A861C594A74FEA4F80E4 /* App */ = {
			isa = PBXGroup;
			children = (
				E41674755A509D5978BFA7F4 /* AppDelegate.swift */,
				A9E5A054471B38D4BFF7A537 /* SceneDelegate.swift */,
				7463824815493DD6A80E6368 /* UITestingHooks.swift */,
				229CBBC1F041653916D9AB7E /* Coordinator */,
			);
			path = App;
			sourceTree = "<group>";
		};
		953C5D3ECC4B46FCC0F5A524 /* Foundation */ = {
			isa = PBXGroup;
			children = (
				A18B8EB755F00FF057C56185 /* String+HTMLEntities.swift */,
			);
			path = Foundation;
			sourceTree = "<group>";
		};
		A3CEE562AF1899874F29A14B /* ImageLoading */ = {
			isa = PBXGroup;
			children = (
				7A9B3CE989F6F897CD080032 /* ImageLoaderTests.swift */,
				965CDF9EA902666A3CD5AA85 /* InitialsImageGeneratorTests.swift */,
			);
			path = ImageLoading;
			sourceTree = "<group>";
		};
		A70577635A442DA22EC2EF40 /* Domain */ = {
			isa = PBXGroup;
			children = (
				4BD0DEE1BBD1ECA06085A013 /* AppError.swift */,
				5791C4F7C824CF0506F88827 /* StackExchangeResponse.swift */,
				8A9C31F5499BEB2C83C5B924 /* User.swift */,
				67148707C19EF66F223D5742 /* UserPage.swift */,
			);
			path = Domain;
			sourceTree = "<group>";
		};
		A98713AE79B56D99DDF6BCA5 /* Shared */ = {
			isa = PBXGroup;
			children = (
				064987EF8829131DC1F4E39D /* EmptyStateView.swift */,
			);
			path = Shared;
			sourceTree = "<group>";
		};
		AA86E781F1B3CC2143ABA26E /* Network */ = {
			isa = PBXGroup;
			children = (
				9478FDD56E504FDE9EAED78B /* UserService.swift */,
			);
			path = Network;
			sourceTree = "<group>";
		};
		C43CA3B29945180E50281FA4 /* Persistence */ = {
			isa = PBXGroup;
			children = (
				83701DCD9AE51120AC2AC9E5 /* FollowRepository.swift */,
				DF900077347359BD2D020EF5 /* UserCache.swift */,
			);
			path = Persistence;
			sourceTree = "<group>";
		};
		C4FAE31AF1E1B7859AEBBE5A /* Resources */ = {
			isa = PBXGroup;
			children = (
				84098B4EBEDB4140F30EB0C4 /* Assets.xcassets */,
				780D52EFE9BB7653753F648C /* Info.plist */,
			);
			path = Resources;
			sourceTree = "<group>";
		};
		D0A26303F8AC43C98A420BB3 /* StackOverflowUsersTests */ = {
			isa = PBXGroup;
			children = (
				E985991A94298E278E1C2844 /* AppErrorTests.swift */,
				DDC4D2ECE7CA036A95E057A3 /* Decoding */,
				A3CEE562AF1899874F29A14B /* ImageLoading */,
				45D53E53A6E9B67161A89A59 /* Network */,
				FDFF2AF72DE7965989B0524A /* Persistence */,
				D6280D6A6ACACAF83397C7D0 /* Presentation */,
				118EF2AB6FE849BD8947E3D9 /* Support */,
			);
			path = StackOverflowUsersTests;
			sourceTree = "<group>";
		};
		D152C535E7EA72B9065E30D9 = {
			isa = PBXGroup;
			children = (
				F979F9E5C254C655BEFDC99B /* Config */,
				3F590FBA7BD1DDE852842F77 /* StackOverflowUsers */,
				D0A26303F8AC43C98A420BB3 /* StackOverflowUsersTests */,
				D3AF357E61C19FDC6087E545 /* StackOverflowUsersUITests */,
				41A9B66A214644E97AA5D7AC /* Products */,
			);
			sourceTree = "<group>";
		};
		D2A5248292CFC5D248F0B15F /* UserList */ = {
			isa = PBXGroup;
			children = (
				EBAEA89BD52894242FF25380 /* FilterHeaderView.swift */,
				214EC24B8EDFC1E54E4D39FA /* UserCell.swift */,
				3AA5CCD5349C54F99FCF5108 /* UserCellModel.swift */,
				F202BAFCEA94217D3821D31A /* UserListStateCopy.swift */,
				B4FDAAB5FB7874E92A5F3D95 /* UserListViewController.swift */,
				E7EA734AAD4FE44C1A3F3243 /* UserListViewModel.swift */,
			);
			path = UserList;
			sourceTree = "<group>";
		};
		D3AF357E61C19FDC6087E545 /* StackOverflowUsersUITests */ = {
			isa = PBXGroup;
			children = (
				C442B25B02B708E3B936355A /* UserListUITests.swift */,
			);
			path = StackOverflowUsersUITests;
			sourceTree = "<group>";
		};
		D6280D6A6ACACAF83397C7D0 /* Presentation */ = {
			isa = PBXGroup;
			children = (
				5C21AADE24E568EDEF10A44A /* UserCellModelTests.swift */,
				46D712C3CE5320DE785E61EF /* UserDetailViewModelTests.swift */,
				47DFEC8298EFB16E64BCBE9B /* UserListStateCopyTests.swift */,
				765A5A294023DB53CDF32551 /* UserListViewModelTests.swift */,
			);
			path = Presentation;
			sourceTree = "<group>";
		};
		DDC4D2ECE7CA036A95E057A3 /* Decoding */ = {
			isa = PBXGroup;
			children = (
				E2B3DB6436A439A5F1B1E872 /* DecodingTests.swift */,
			);
			path = Decoding;
			sourceTree = "<group>";
		};
		E11C23F1000D1847A9A1C7A7 /* ImageLoading */ = {
			isa = PBXGroup;
			children = (
				8FC3BD4B219D42BDCEF381FF /* ImageLoader.swift */,
				48976274696155B90FBD74CB /* InitialsImageGenerator.swift */,
			);
			path = ImageLoading;
			sourceTree = "<group>";
		};
		EA80E2E8FBE1DAD0C1A9B908 /* UserDetail */ = {
			isa = PBXGroup;
			children = (
				57D8376BFA747824BE117C91 /* BadgePillView.swift */,
				C036202654C7052A4E46E6AB /* UserDetailViewController.swift */,
				8C57290FA06727F628AA72AF /* UserDetailViewModel.swift */,
			);
			path = UserDetail;
			sourceTree = "<group>";
		};
		F979F9E5C254C655BEFDC99B /* Config */ = {
			isa = PBXGroup;
			children = (
				A58DBD995B69302F317FFD7A /* Development.xcconfig */,
				51875708836B447AEF67477A /* Production.xcconfig */,
			);
			path = Config;
			sourceTree = "<group>";
		};
		FDFF2AF72DE7965989B0524A /* Persistence */ = {
			isa = PBXGroup;
			children = (
				596830B156A6954509F30542 /* FileUserCacheTests.swift */,
				C96FA6AE28B488B688E9A370 /* FollowRepositoryTests.swift */,
			);
			path = Persistence;
			sourceTree = "<group>";
		};
/* End PBXGroup section */

/* Begin PBXNativeTarget section */
		17030BDD592629A6A340EE47 /* StackOverflowUsersTests */ = {
			isa = PBXNativeTarget;
			buildConfigurationList = C38778F156521B1B91A78EC0 /* Build configuration list for PBXNativeTarget "StackOverflowUsersTests" */;
			buildPhases = (
				A3F5B28BA3389853E7A77393 /* Sources */,
			);
			buildRules = (
			);
			dependencies = (
				2DD1058D587085ECD771116E /* PBXTargetDependency */,
			);
			name = StackOverflowUsersTests;
			packageProductDependencies = (
			);
			productName = StackOverflowUsersTests;
			productReference = 0D16649A311B26C99B1E2346 /* StackOverflowUsersTests.xctest */;
			productType = "com.apple.product-type.bundle.unit-test";
		};
		26D2FE6F1CD0EBCCC8F1043C /* StackOverflowUsers */ = {
			isa = PBXNativeTarget;
			buildConfigurationList = F01C436CD407F8D224D2515A /* Build configuration list for PBXNativeTarget "StackOverflowUsers" */;
			buildPhases = (
				4979EDFD7BF2BEFCEE2CFEC8 /* Sources */,
				74FBDF29CEF95B762D47E03D /* Resources */,
			);
			buildRules = (
			);
			dependencies = (
			);
			name = StackOverflowUsers;
			packageProductDependencies = (
			);
			productName = StackOverflowUsers;
			productReference = 045FF673C5A7ED735D6CA21D /* StackOverflowUsers.app */;
			productType = "com.apple.product-type.application";
		};
		317B3A98717586CFB0181D2D /* StackOverflowUsersUITests */ = {
			isa = PBXNativeTarget;
			buildConfigurationList = D96440CE45EEF10EF01834BA /* Build configuration list for PBXNativeTarget "StackOverflowUsersUITests" */;
			buildPhases = (
				47C8A182D48CEBAB6C0BC65C /* Sources */,
			);
			buildRules = (
			);
			dependencies = (
				3CFE755AF46F6E94AA3CF807 /* PBXTargetDependency */,
			);
			name = StackOverflowUsersUITests;
			packageProductDependencies = (
			);
			productName = StackOverflowUsersUITests;
			productReference = E5A3BAACEA0A42D9F85401F6 /* StackOverflowUsersUITests.xctest */;
			productType = "com.apple.product-type.bundle.ui-testing";
		};
/* End PBXNativeTarget section */

/* Begin PBXProject section */
		0E355918FDEC0E6362DD19CD /* Project object */ = {
			isa = PBXProject;
			attributes = {
				BuildIndependentTargetsInParallel = YES;
				LastUpgradeCheck = 1430;
				TargetAttributes = {
					317B3A98717586CFB0181D2D = {
						TestTargetID = 26D2FE6F1CD0EBCCC8F1043C;
					};
				};
			};
			buildConfigurationList = E3712F263CACD31FCE67EF8A /* Build configuration list for PBXProject "StackOverflowUsers" */;
			developmentRegion = en;
			hasScannedForEncodings = 0;
			knownRegions = (
				Base,
				en,
			);
			mainGroup = D152C535E7EA72B9065E30D9;
			minimizedProjectReferenceProxies = 1;
			preferredProjectObjectVersion = 77;
			productRefGroup = 41A9B66A214644E97AA5D7AC /* Products */;
			projectDirPath = "";
			projectRoot = "";
			targets = (
				26D2FE6F1CD0EBCCC8F1043C /* StackOverflowUsers */,
				17030BDD592629A6A340EE47 /* StackOverflowUsersTests */,
				317B3A98717586CFB0181D2D /* StackOverflowUsersUITests */,
			);
		};
/* End PBXProject section */

/* Begin PBXResourcesBuildPhase section */
		74FBDF29CEF95B762D47E03D /* Resources */ = {
			isa = PBXResourcesBuildPhase;
			buildActionMask = 2147483647;
			files = (
				67FBB2087A48F60A885C694F /* Assets.xcassets in Resources */,
			);
			runOnlyForDeploymentPostprocessing = 0;
		};
/* End PBXResourcesBuildPhase section */

/* Begin PBXSourcesBuildPhase section */
		47C8A182D48CEBAB6C0BC65C /* Sources */ = {
			isa = PBXSourcesBuildPhase;
			buildActionMask = 2147483647;
			files = (
				FB7D05C5340A4354D0F0C7FC /* UserListUITests.swift in Sources */,
			);
			runOnlyForDeploymentPostprocessing = 0;
		};
		4979EDFD7BF2BEFCEE2CFEC8 /* Sources */ = {
			isa = PBXSourcesBuildPhase;
			buildActionMask = 2147483647;
			files = (
				65A5B40BE94C3166E9E5F245 /* AppCoordinator.swift in Sources */,
				4D67DEEE6CC1ACE1E9F650E6 /* AppDelegate.swift in Sources */,
				59EFBE07E9B1D93559DF27D4 /* AppError.swift in Sources */,
				D8BB61E1A70CE8ADFAB79656 /* BadgePillView.swift in Sources */,
				4E1CF1DF39ECFF9F92B4DD36 /* Coordinator.swift in Sources */,
				8933CFA1A1A09646CEB119F7 /* EmptyStateView.swift in Sources */,
				7D78F20746F0332FE3358B23 /* FilterHeaderView.swift in Sources */,
				601BBE0EFC873B22983D72EB /* FollowRepository.swift in Sources */,
				56BF7D2506ABB1B429DB8A72 /* ImageLoader.swift in Sources */,
				DC76230CFD054B1DC1DA7AD2 /* InitialsImageGenerator.swift in Sources */,
				9B9DF1F67C5CE0936C5AD09C /* SceneDelegate.swift in Sources */,
				78185A73440F3E3AA7C937FF /* StackExchangeResponse.swift in Sources */,
				AA83F8D675471F0139748C04 /* String+HTMLEntities.swift in Sources */,
				5E3C186212C74DA691E36284 /* UITestingHooks.swift in Sources */,
				367B1E58F5736731C532C177 /* User.swift in Sources */,
				69DEF7E44E8A6BA135C4218F /* UserCache.swift in Sources */,
				036A7A26011696256B3C4BAB /* UserCell.swift in Sources */,
				7F53286CEC9717117BAB2AAE /* UserCellModel.swift in Sources */,
				C0296036D365B38F16B40AAD /* UserDetailViewController.swift in Sources */,
				FE140714BB957F6DFD3D1A46 /* UserDetailViewModel.swift in Sources */,
				002043C09C27FFF5197B29BD /* UserListStateCopy.swift in Sources */,
				562E69F712816A1662562C32 /* UserListViewController.swift in Sources */,
				BA1498BD161A0227FF61E8BF /* UserListViewModel.swift in Sources */,
				C01455A7BDE0DF10F47800E7 /* UserPage.swift in Sources */,
				2C5725AF1A64653036DDEAB2 /* UserService.swift in Sources */,
			);
			runOnlyForDeploymentPostprocessing = 0;
		};
		A3F5B28BA3389853E7A77393 /* Sources */ = {
			isa = PBXSourcesBuildPhase;
			buildActionMask = 2147483647;
			files = (
				0B14CFF8A2D94DF07CDA9D7F /* AppErrorTests.swift in Sources */,
				B0CF006D65F37149D7509678 /* DecodingTests.swift in Sources */,
				962A9E1EE7451B434D785533 /* FileUserCacheTests.swift in Sources */,
				9F5D5330C38894CC52E0C7AB /* Fixtures.swift in Sources */,
				13F87AA5E9B233816718EFC4 /* FollowRepositoryTests.swift in Sources */,
				53E9E6917CDFA43F54C13F31 /* ImageLoaderTests.swift in Sources */,
				C0CAFCA4CC22FE9386C480CE /* InitialsImageGeneratorTests.swift in Sources */,
				C5CE871562AAB8F7D7202BE0 /* MockURLProtocol.swift in Sources */,
				F21371EED23E667BC3982C43 /* Mocks.swift in Sources */,
				1AF1A9355B5FEE1FF10129CC /* UserCellModelTests.swift in Sources */,
				0AB40F93DDC2C2E07067152A /* UserDetailViewModelTests.swift in Sources */,
				64E338FF71C50152308DAFC6 /* UserListStateCopyTests.swift in Sources */,
				E559F19932881EB8482F5B27 /* UserListViewModelTests.swift in Sources */,
				AEA9B13EAE90CD316830B32A /* UserServiceTests.swift in Sources */,
			);
			runOnlyForDeploymentPostprocessing = 0;
		};
/* End PBXSourcesBuildPhase section */

/* Begin PBXTargetDependency section */
		2DD1058D587085ECD771116E /* PBXTargetDependency */ = {
			isa = PBXTargetDependency;
			target = 26D2FE6F1CD0EBCCC8F1043C /* StackOverflowUsers */;
			targetProxy = 8CA62F05BA1C69727079FDF0 /* PBXContainerItemProxy */;
		};
		3CFE755AF46F6E94AA3CF807 /* PBXTargetDependency */ = {
			isa = PBXTargetDependency;
			target = 26D2FE6F1CD0EBCCC8F1043C /* StackOverflowUsers */;
			targetProxy = 7F97260914C09E09B46B1FD3 /* PBXContainerItemProxy */;
		};
/* End PBXTargetDependency section */

/* Begin XCBuildConfiguration section */
		1B781ED727155ECA3093C1EE /* Production */ = {
			isa = XCBuildConfiguration;
			buildSettings = {
				BUNDLE_LOADER = "$(TEST_HOST)";
				GENERATE_INFOPLIST_FILE = YES;
				LD_RUNPATH_SEARCH_PATHS = (
					"$(inherited)",
					"@executable_path/Frameworks",
					"@loader_path/Frameworks",
				);
				PRODUCT_BUNDLE_IDENTIFIER = com.brunovalente.StackOverflowUsersUITests;
				SDKROOT = iphoneos;
				TARGETED_DEVICE_FAMILY = "1,2";
				TEST_TARGET_NAME = StackOverflowUsers;
			};
			name = Production;
		};
		27CA3438CE35A07CCD41C3E2 /* Development */ = {
			isa = XCBuildConfiguration;
			buildSettings = {
				BUNDLE_LOADER = "$(TEST_HOST)";
				GENERATE_INFOPLIST_FILE = YES;
				LD_RUNPATH_SEARCH_PATHS = (
					"$(inherited)",
					"@executable_path/Frameworks",
					"@loader_path/Frameworks",
				);
				PRODUCT_BUNDLE_IDENTIFIER = com.brunovalente.StackOverflowUsersTests;
				SDKROOT = iphoneos;
				TARGETED_DEVICE_FAMILY = "1,2";
				TEST_HOST = "$(BUILT_PRODUCTS_DIR)/StackOverflowUsers.app/$(BUNDLE_EXECUTABLE_FOLDER_PATH)/StackOverflowUsers";
			};
			name = Development;
		};
		3CE4751A813D488349E652DD /* Development */ = {
			isa = XCBuildConfiguration;
			buildSettings = {
				BUNDLE_LOADER = "$(TEST_HOST)";
				GENERATE_INFOPLIST_FILE = YES;
				LD_RUNPATH_SEARCH_PATHS = (
					"$(inherited)",
					"@executable_path/Frameworks",
					"@loader_path/Frameworks",
				);
				PRODUCT_BUNDLE_IDENTIFIER = com.brunovalente.StackOverflowUsersUITests;
				SDKROOT = iphoneos;
				TARGETED_DEVICE_FAMILY = "1,2";
				TEST_TARGET_NAME = StackOverflowUsers;
			};
			name = Development;
		};
		3E07C1B3330DF999F5ADED0E /* Production */ = {
			isa = XCBuildConfiguration;
			buildSettings = {
				BUNDLE_LOADER = "$(TEST_HOST)";
				GENERATE_INFOPLIST_FILE = YES;
				LD_RUNPATH_SEARCH_PATHS = (
					"$(inherited)",
					"@executable_path/Frameworks",
					"@loader_path/Frameworks",
				);
				PRODUCT_BUNDLE_IDENTIFIER = com.brunovalente.StackOverflowUsersTests;
				SDKROOT = iphoneos;
				TARGETED_DEVICE_FAMILY = "1,2";
				TEST_HOST = "$(BUILT_PRODUCTS_DIR)/StackOverflowUsers.app/$(BUNDLE_EXECUTABLE_FOLDER_PATH)/StackOverflowUsers";
			};
			name = Production;
		};
		5EE92DE463A6DB71D796354C /* Development */ = {
			isa = XCBuildConfiguration;
			buildSettings = {
				ALWAYS_SEARCH_USER_PATHS = NO;
				CLANG_ANALYZER_NONNULL = YES;
				CLANG_ANALYZER_NUMBER_OBJECT_CONVERSION = YES_AGGRESSIVE;
				CLANG_CXX_LANGUAGE_STANDARD = "gnu++14";
				CLANG_CXX_LIBRARY = "libc++";
				CLANG_ENABLE_MODULES = YES;
				CLANG_ENABLE_OBJC_ARC = YES;
				CLANG_ENABLE_OBJC_WEAK = YES;
				CLANG_WARN_BLOCK_CAPTURE_AUTORELEASING = YES;
				CLANG_WARN_BOOL_CONVERSION = YES;
				CLANG_WARN_COMMA = YES;
				CLANG_WARN_CONSTANT_CONVERSION = YES;
				CLANG_WARN_DEPRECATED_OBJC_IMPLEMENTATIONS = YES;
				CLANG_WARN_DIRECT_OBJC_ISA_USAGE = YES_ERROR;
				CLANG_WARN_DOCUMENTATION_COMMENTS = YES;
				CLANG_WARN_EMPTY_BODY = YES;
				CLANG_WARN_ENUM_CONVERSION = YES;
				CLANG_WARN_INFINITE_RECURSION = YES;
				CLANG_WARN_INT_CONVERSION = YES;
				CLANG_WARN_NON_LITERAL_NULL_CONVERSION = YES;
				CLANG_WARN_OBJC_IMPLICIT_RETAIN_SELF = YES;
				CLANG_WARN_OBJC_LITERAL_CONVERSION = YES;
				CLANG_WARN_OBJC_ROOT_CLASS = YES_ERROR;
				CLANG_WARN_QUOTED_INCLUDE_IN_FRAMEWORK_HEADER = YES;
				CLANG_WARN_RANGE_LOOP_ANALYSIS = YES;
				CLANG_WARN_STRICT_PROTOTYPES = YES;
				CLANG_WARN_SUSPICIOUS_MOVE = YES;
				CLANG_WARN_UNGUARDED_AVAILABILITY = YES_AGGRESSIVE;
				CLANG_WARN_UNREACHABLE_CODE = YES;
				CLANG_WARN__DUPLICATE_METHOD_MATCH = YES;
				COPY_PHASE_STRIP = NO;
				DEBUG_INFORMATION_FORMAT = dwarf;
				ENABLE_STRICT_OBJC_MSGSEND = YES;
				ENABLE_TESTABILITY = YES;
				GCC_C_LANGUAGE_STANDARD = gnu11;
				GCC_DYNAMIC_NO_PIC = NO;
				GCC_NO_COMMON_BLOCKS = YES;
				GCC_OPTIMIZATION_LEVEL = 0;
				GCC_PREPROCESSOR_DEFINITIONS = (
					"$(inherited)",
					"DEBUG=1",
				);
				GCC_TREAT_WARNINGS_AS_ERRORS = YES;
				GCC_WARN_64_TO_32_BIT_CONVERSION = YES;
				GCC_WARN_ABOUT_RETURN_TYPE = YES_ERROR;
				GCC_WARN_SHADOW = YES;
				GCC_WARN_UNDECLARED_SELECTOR = YES;
				GCC_WARN_UNINITIALIZED_AUTOS = YES_AGGRESSIVE;
				GCC_WARN_UNUSED_FUNCTION = YES;
				GCC_WARN_UNUSED_VARIABLE = YES;
				IPHONEOS_DEPLOYMENT_TARGET = 16.0;
				MTL_ENABLE_DEBUG_INFO = INCLUDE_SOURCE;
				MTL_FAST_MATH = YES;
				ONLY_ACTIVE_ARCH = YES;
				PRODUCT_NAME = "$(TARGET_NAME)";
				SDKROOT = iphoneos;
				SWIFT_ACTIVE_COMPILATION_CONDITIONS = DEBUG;
				SWIFT_OPTIMIZATION_LEVEL = "-Onone";
				SWIFT_TREAT_WARNINGS_AS_ERRORS = YES;
				SWIFT_VERSION = 5.0;
				TARGETED_DEVICE_FAMILY = "1,2";
			};
			name = Development;
		};
		6B02283BFC1ECDD2F7C493BC /* Development */ = {
			isa = XCBuildConfiguration;
			baseConfigurationReference = A58DBD995B69302F317FFD7A /* Development.xcconfig */;
			buildSettings = {
				ASSETCATALOG_COMPILER_APPICON_NAME = AppIcon;
				CODE_SIGN_IDENTITY = "iPhone Developer";
				GENERATE_INFOPLIST_FILE = NO;
				INFOPLIST_FILE = StackOverflowUsers/Resources/Info.plist;
				LD_RUNPATH_SEARCH_PATHS = (
					"$(inherited)",
					"@executable_path/Frameworks",
				);
				PRODUCT_BUNDLE_IDENTIFIER = "$(APP_BUNDLE_ID_BASE)$(APP_BUNDLE_ID_SUFFIX)";
				PRODUCT_NAME = StackOverflowUsers;
				SDKROOT = iphoneos;
				TARGETED_DEVICE_FAMILY = "1,2";
			};
			name = Development;
		};
		BAF8FF81BD1FE66D550261D1 /* Production */ = {
			isa = XCBuildConfiguration;
			buildSettings = {
				ALWAYS_SEARCH_USER_PATHS = NO;
				CLANG_ANALYZER_NONNULL = YES;
				CLANG_ANALYZER_NUMBER_OBJECT_CONVERSION = YES_AGGRESSIVE;
				CLANG_CXX_LANGUAGE_STANDARD = "gnu++14";
				CLANG_CXX_LIBRARY = "libc++";
				CLANG_ENABLE_MODULES = YES;
				CLANG_ENABLE_OBJC_ARC = YES;
				CLANG_ENABLE_OBJC_WEAK = YES;
				CLANG_WARN_BLOCK_CAPTURE_AUTORELEASING = YES;
				CLANG_WARN_BOOL_CONVERSION = YES;
				CLANG_WARN_COMMA = YES;
				CLANG_WARN_CONSTANT_CONVERSION = YES;
				CLANG_WARN_DEPRECATED_OBJC_IMPLEMENTATIONS = YES;
				CLANG_WARN_DIRECT_OBJC_ISA_USAGE = YES_ERROR;
				CLANG_WARN_DOCUMENTATION_COMMENTS = YES;
				CLANG_WARN_EMPTY_BODY = YES;
				CLANG_WARN_ENUM_CONVERSION = YES;
				CLANG_WARN_INFINITE_RECURSION = YES;
				CLANG_WARN_INT_CONVERSION = YES;
				CLANG_WARN_NON_LITERAL_NULL_CONVERSION = YES;
				CLANG_WARN_OBJC_IMPLICIT_RETAIN_SELF = YES;
				CLANG_WARN_OBJC_LITERAL_CONVERSION = YES;
				CLANG_WARN_OBJC_ROOT_CLASS = YES_ERROR;
				CLANG_WARN_QUOTED_INCLUDE_IN_FRAMEWORK_HEADER = YES;
				CLANG_WARN_RANGE_LOOP_ANALYSIS = YES;
				CLANG_WARN_STRICT_PROTOTYPES = YES;
				CLANG_WARN_SUSPICIOUS_MOVE = YES;
				CLANG_WARN_UNGUARDED_AVAILABILITY = YES_AGGRESSIVE;
				CLANG_WARN_UNREACHABLE_CODE = YES;
				CLANG_WARN__DUPLICATE_METHOD_MATCH = YES;
				COPY_PHASE_STRIP = NO;
				DEBUG_INFORMATION_FORMAT = "dwarf-with-dsym";
				ENABLE_NS_ASSERTIONS = NO;
				ENABLE_STRICT_OBJC_MSGSEND = YES;
				GCC_C_LANGUAGE_STANDARD = gnu11;
				GCC_NO_COMMON_BLOCKS = YES;
				GCC_TREAT_WARNINGS_AS_ERRORS = YES;
				GCC_WARN_64_TO_32_BIT_CONVERSION = YES;
				GCC_WARN_ABOUT_RETURN_TYPE = YES_ERROR;
				GCC_WARN_SHADOW = YES;
				GCC_WARN_UNDECLARED_SELECTOR = YES;
				GCC_WARN_UNINITIALIZED_AUTOS = YES_AGGRESSIVE;
				GCC_WARN_UNUSED_FUNCTION = YES;
				GCC_WARN_UNUSED_VARIABLE = YES;
				IPHONEOS_DEPLOYMENT_TARGET = 16.0;
				MTL_ENABLE_DEBUG_INFO = NO;
				MTL_FAST_MATH = YES;
				PRODUCT_NAME = "$(TARGET_NAME)";
				SDKROOT = iphoneos;
				SWIFT_COMPILATION_MODE = wholemodule;
				SWIFT_OPTIMIZATION_LEVEL = "-O";
				SWIFT_TREAT_WARNINGS_AS_ERRORS = YES;
				SWIFT_VERSION = 5.0;
				TARGETED_DEVICE_FAMILY = "1,2";
			};
			name = Production;
		};
		F37103ADBB0DFE0DD000EF8D /* Production */ = {
			isa = XCBuildConfiguration;
			baseConfigurationReference = 51875708836B447AEF67477A /* Production.xcconfig */;
			buildSettings = {
				ASSETCATALOG_COMPILER_APPICON_NAME = AppIcon;
				CODE_SIGN_IDENTITY = "iPhone Developer";
				GENERATE_INFOPLIST_FILE = NO;
				INFOPLIST_FILE = StackOverflowUsers/Resources/Info.plist;
				LD_RUNPATH_SEARCH_PATHS = (
					"$(inherited)",
					"@executable_path/Frameworks",
				);
				PRODUCT_BUNDLE_IDENTIFIER = "$(APP_BUNDLE_ID_BASE)$(APP_BUNDLE_ID_SUFFIX)";
				PRODUCT_NAME = StackOverflowUsers;
				SDKROOT = iphoneos;
				TARGETED_DEVICE_FAMILY = "1,2";
			};
			name = Production;
		};
/* End XCBuildConfiguration section */

/* Begin XCConfigurationList section */
		C38778F156521B1B91A78EC0 /* Build configuration list for PBXNativeTarget "StackOverflowUsersTests" */ = {
			isa = XCConfigurationList;
			buildConfigurations = (
				27CA3438CE35A07CCD41C3E2 /* Development */,
				3E07C1B3330DF999F5ADED0E /* Production */,
			);
			defaultConfigurationIsVisible = 0;
			defaultConfigurationName = Development;
		};
		D96440CE45EEF10EF01834BA /* Build configuration list for PBXNativeTarget "StackOverflowUsersUITests" */ = {
			isa = XCConfigurationList;
			buildConfigurations = (
				3CE4751A813D488349E652DD /* Development */,
				1B781ED727155ECA3093C1EE /* Production */,
			);
			defaultConfigurationIsVisible = 0;
			defaultConfigurationName = Development;
		};
		E3712F263CACD31FCE67EF8A /* Build configuration list for PBXProject "StackOverflowUsers" */ = {
			isa = XCConfigurationList;
			buildConfigurations = (
				5EE92DE463A6DB71D796354C /* Development */,
				BAF8FF81BD1FE66D550261D1 /* Production */,
			);
			defaultConfigurationIsVisible = 0;
			defaultConfigurationName = Development;
		};
		F01C436CD407F8D224D2515A /* Build configuration list for PBXNativeTarget "StackOverflowUsers" */ = {
			isa = XCConfigurationList;
			buildConfigurations = (
				6B02283BFC1ECDD2F7C493BC /* Development */,
				F37103ADBB0DFE0DD000EF8D /* Production */,
			);
			defaultConfigurationIsVisible = 0;
			defaultConfigurationName = Development;
		};
/* End XCConfigurationList section */
	};
	rootObject = 0E355918FDEC0E6362DD19CD /* Project object */;
}
